
Microsoft Visual Studio Solution File, Format Version 12.00
# Visual Studio Version 17
VisualStudioVersion = 17.8.34511.84
MinimumVisualStudioVersion = 10.0.40219.1
Project("{FAE04EC0-301F-11D3-BF4B-00C04F79EFBC}") = "CarGo.API", "CarGo.API\CarGo.API.csproj", "{32A36181-C0FE-4FCC-87CB-78A70BC06B4A}"
EndProject
Project("{FAE04EC0-301F-11D3-BF4B-00C04F79EFBC}") = "CarGo.Persistance", "Cargo.Persistance\CarGo.Persistance.csproj", "{53C29FAD-0E2D-4082-8C69-91945937897B}"
EndProject
Project("{FAE04EC0-301F-11D3-BF4B-00C04F79EFBC}") = "CarGo.Domain", "Cargo.Domain\CarGo.Domain.csproj", "{5E13CF97-6B3B-4D72-8948-F58B0D57EC7A}"
EndProject
Project("{FAE04EC0-301F-11D3-BF4B-00C04F79EFBC}") = "CarGo.Application", "Cargo.Application\CarGo.Application.csproj", "{62D449DF-8055-4F3F-AA3F-CD8F2BE1734B}"
EndProject
Project("{FAE04EC0-301F-11D3-BF4B-00C04F79EFBC}") = "CarGo.Infrastructure", "CarGo.Infrastructure\CarGo.Infrastructure.csproj", "{B5B30ECB-D6D2-4AD9-A795-613371AB2435}"
EndProject
Global
	GlobalSection(SolutionConfigurationPlatforms) = preSolution
		Debug|Any CPU = Debug|Any CPU
		Release|Any CPU = Release|Any CPU
	EndGlobalSection
	GlobalSection(ProjectConfigurationPlatforms) = postSolution
		{32A36181-C0FE-4FCC-87CB-78A70BC06B4A}.Debug|Any CPU.ActiveCfg = Debug|Any CPU
		{32A36181-C0FE-4FCC-87CB-78A70BC06B4A}.Debug|Any CPU.Build.0 = Debug|Any CPU
		{32A36181-C0FE-4FCC-87CB-78A70BC06B4A}.Release|Any CPU.ActiveCfg = Release|Any CPU
		{32A36181-C0FE-4FCC-87CB-78A70BC06B4A}.Release|Any CPU.Build.0 = Release|Any CPU
		{53C29FAD-0E2D-4082-8C69-91945937897B}.Debug|Any CPU.ActiveCfg = Debug|Any CPU
		{53C29FAD-0E2D-4082-8C69-91945937897B}.Debug|Any CPU.Build.0 = Debug|Any CPU
		{53C29FAD-0E2D-4082-8C69-91945937897B}.Release|Any CPU.ActiveCfg = Release|Any CPU
		{53C29FAD-0E2D-4082-8C69-91945937897B}.Release|Any CPU.Build.0 = Release|Any CPU
		{5E13CF97-6B3B-4D72-8948-F58B0D57EC7A}.Debug|Any CPU.ActiveCfg = Debug|Any CPU
		{5E13CF97-6B3B-4D72-8948-F58B0D57EC7A}.Debug|Any CPU.Build.0 = Debug|Any CPU
		{5E13CF97-6B3B-4D72-8948-F58B0D57EC7A}.Release|Any CPU.ActiveCfg = Release|Any CPU
		{5E13CF97-6B3B-4D72-8948-F58B0D57EC7A}.Release|Any CPU.Build.0 = Release|Any CPU
		{62D449DF-8055-4F3F-AA3F-CD8F2BE1734B}.Debug|Any CPU.ActiveCfg = Debug|Any CPU
		{62D449DF-8055-4F3F-AA3F-CD8F2BE1734B}.Debug|Any CPU.Build.0 = Debug|Any CPU
		{62D449DF-8055-4F3F-AA3F-CD8F2BE1734B}.Release|Any CPU.ActiveCfg = Release|Any CPU
		{62D449DF-8055-4F3F-AA3F-CD8F2BE1734B}.Release|Any CPU.Build.0 = Release|Any CPU
		{B5B30ECB-D6D2-4AD9-A795-613371AB2435}.Debug|Any CPU.ActiveCfg = Debug|Any CPU
		{B5B30ECB-D6D2-4AD9-A795-613371AB2435}.Debug|Any CPU.Build.0 = Debug|Any CPU
		{B5B30ECB-D6D2-4AD9-A795-613371AB2435}.Release|Any CPU.ActiveCfg = Release|Any CPU
		{B5B30ECB-D6D2-4AD9-A795-613371AB2435}.Release|Any CPU.Build.0 = Release|Any CPU
	EndGlobalSection
	GlobalSection(SolutionProperties) = preSolution
		HideSolutionNode = FALSE
	EndGlobalSection
	GlobalSection(ExtensibilityGlobals) = postSolution
		SolutionGuid = {358A0690-E8E2-444B-BD59-1F0D4DF4D025}
	EndGlobalSection
EndGlobal
